# This file is automatically @generated by Cargo.
# It is not intended for manual editing.
version = 4

[[package]]
name = "unitarrow"
version = "0.0.1"

[[package]]
name = "unitarrow-core"
version = "0.0.1"

[[package]]
name = "unitarrow-py"
version = "0.0.1"

[[package]]
name = "unitarrow-wasm"
version = "0.0.1"
